// !$*UTF8*$!
{
	archiveVersion = 1;
	classes = {
	};
	objectVersion = 50;
	objects = {

/* Begin PBXBuildFile section */
		E6DDA2CD216C603900D5542F /* AppDelegate.swift in Sources */ = {isa = PBXBuildFile; fileRef = E6DDA2CC216C603900D5542F /* AppDelegate.swift */; };
		E6DDA2D4216C603A00D5542F /* Assets.xcassets in Resources */ = {isa = PBXBuildFile; fileRef = E6DDA2D3216C603A00D5542F /* Assets.xcassets */; };
		E6DDA2D7216C603B00D5542F /* LaunchScreen.storyboard in Resources */ = {isa = PBXBuildFile; fileRef = E6DDA2D5216C603B00D5542F /* LaunchScreen.storyboard */; };
		E6DDA2E2216C603B00D5542F /* BridjTests.swift in Sources */ = {isa = PBXBuildFile; fileRef = E6DDA2E1216C603B00D5542F /* BridjTests.swift */; };
		E6DDA2ED216C650000D5542F /* EvenListViewController.swift in Sources */ = {isa = PBXBuildFile; fileRef = E6DDA2EC216C650000D5542F /* EvenListViewController.swift */; };
		E6DDA2F2216C653900D5542F /* EvenListViewController.xib in Resources */ = {isa = PBXBuildFile; fileRef = E6DDA2F1216C653900D5542F /* EvenListViewController.xib */; };
		E6DDA2F7216C6AEA00D5542F /* ServiceRequestComponet.swift in Sources */ = {isa = PBXBuildFile; fileRef = E6DDA2F6216C6AEA00D5542F /* ServiceRequestComponet.swift */; };
		E6DDA2F9216C6C3B00D5542F /* ServiceRequestToUrlMapping.swift in Sources */ = {isa = PBXBuildFile; fileRef = E6DDA2F8216C6C3B00D5542F /* ServiceRequestToUrlMapping.swift */; };
		E6DDA2FB216C71FD00D5542F /* ServiceRequestHandler.swift in Sources */ = {isa = PBXBuildFile; fileRef = E6DDA2FA216C71FD00D5542F /* ServiceRequestHandler.swift */; };
		E6DDA306216D9A7100D5542F /* EvenListRequestComponent.swift in Sources */ = {isa = PBXBuildFile; fileRef = E6DDA304216D9A7100D5542F /* EvenListRequestComponent.swift */; };
		E6DDA307216D9A7100D5542F /* EvenListService.swift in Sources */ = {isa = PBXBuildFile; fileRef = E6DDA305216D9A7100D5542F /* EvenListService.swift */; };
		E6DDA30B216DA37C00D5542F /* EvenListUseCase.swift in Sources */ = {isa = PBXBuildFile; fileRef = E6DDA30A216DA37C00D5542F /* EvenListUseCase.swift */; };
		E6DDA30E216DA41A00D5542F /* Events.swift in Sources */ = {isa = PBXBuildFile; fileRef = E6DDA30D216DA41A00D5542F /* Events.swift */; };
		E6DDA310216DA6F300D5542F /* Events+Decodable.swift in Sources */ = {isa = PBXBuildFile; fileRef = E6DDA30F216DA6F200D5542F /* Events+Decodable.swift */; };
		E6DDA313216DAB1200D5542F /* DataToDomainMapping.swift in Sources */ = {isa = PBXBuildFile; fileRef = E6DDA312216DAB1200D5542F /* DataToDomainMapping.swift */; };
/* End PBXBuildFile section */

/* Begin PBXContainerItemProxy section */
		E6DDA2DE216C603B00D5542F /* PBXContainerItemProxy */ = {
			isa = PBXContainerItemProxy;
			containerPortal = E6DDA2C1216C603900D5542F /* Project object */;
			proxyType = 1;
			remoteGlobalIDString = E6DDA2C8216C603900D5542F;
			remoteInfo = Bridj;
		};
/* End PBXContainerItemProxy section */

/* Begin PBXFileReference section */
		E6DDA2C9216C603900D5542F /* Bridj.app */ = {isa = PBXFileReference; explicitFileType = wrapper.application; includeInIndex = 0; path = Bridj.app; sourceTree = BUILT_PRODUCTS_DIR; };
		E6DDA2CC216C603900D5542F /* AppDelegate.swift */ = {isa = PBXFileReference; lastKnownFileType = sourcecode.swift; path = AppDelegate.swift; sourceTree = "<group>"; };
		E6DDA2D3216C603A00D5542F /* Assets.xcassets */ = {isa = PBXFileReference; lastKnownFileType = folder.assetcatalog; path = Assets.xcassets; sourceTree = "<group>"; };
		E6DDA2D6216C603B00D5542F /* Base */ = {isa = PBXFileReference; lastKnownFileType = file.storyboard; name = Base; path = Base.lproj/LaunchScreen.storyboard; sourceTree = "<group>"; };
		E6DDA2D8216C603B00D5542F /* Info.plist */ = {isa = PBXFileReference; lastKnownFileType = text.plist.xml; path = Info.plist; sourceTree = "<group>"; };
		E6DDA2DD216C603B00D5542F /* BridjTests.xctest */ = {isa = PBXFileReference; explicitFileType = wrapper.cfbundle; includeInIndex = 0; path = BridjTests.xctest; sourceTree = BUILT_PRODUCTS_DIR; };
		E6DDA2E1216C603B00D5542F /* BridjTests.swift */ = {isa = PBXFileReference; lastKnownFileType = sourcecode.swift; path = BridjTests.swift; sourceTree = "<group>"; };
		E6DDA2E3216C603B00D5542F /* Info.plist */ = {isa = PBXFileReference; lastKnownFileType = text.plist.xml; path = Info.plist; sourceTree = "<group>"; };
		E6DDA2EC216C650000D5542F /* EvenListViewController.swift */ = {isa = PBXFileReference; lastKnownFileType = sourcecode.swift; path = EvenListViewController.swift; sourceTree = "<group>"; };
		E6DDA2F1216C653900D5542F /* EvenListViewController.xib */ = {isa = PBXFileReference; lastKnownFileType = file.xib; path = EvenListViewController.xib; sourceTree = "<group>"; };
		E6DDA2F6216C6AEA00D5542F /* ServiceRequestComponet.swift */ = {isa = PBXFileReference; lastKnownFileType = sourcecode.swift; path = ServiceRequestComponet.swift; sourceTree = "<group>"; };
		E6DDA2F8216C6C3B00D5542F /* ServiceRequestToUrlMapping.swift */ = {isa = PBXFileReference; lastKnownFileType = sourcecode.swift; path = ServiceRequestToUrlMapping.swift; sourceTree = "<group>"; };
		E6DDA2FA216C71FD00D5542F /* ServiceRequestHandler.swift */ = {isa = PBXFileReference; lastKnownFileType = sourcecode.swift; path = ServiceRequestHandler.swift; sourceTree = "<group>"; };
		E6DDA304216D9A7100D5542F /* EvenListRequestComponent.swift */ = {isa = PBXFileReference; fileEncoding = 4; lastKnownFileType = sourcecode.swift; path = EvenListRequestComponent.swift; sourceTree = "<group>"; };
		E6DDA305216D9A7100D5542F /* EvenListService.swift */ = {isa = PBXFileReference; fileEncoding = 4; lastKnownFileType = sourcecode.swift; path = EvenListService.swift; sourceTree = "<group>"; };
		E6DDA30A216DA37C00D5542F /* EvenListUseCase.swift */ = {isa = PBXFileReference; lastKnownFileType = sourcecode.swift; path = EvenListUseCase.swift; sourceTree = "<group>"; };
		E6DDA30D216DA41A00D5542F /* Events.swift */ = {isa = PBXFileReference; lastKnownFileType = sourcecode.swift; path = Events.swift; sourceTree = "<group>"; };
		E6DDA30F216DA6F200D5542F /* Events+Decodable.swift */ = {isa = PBXFileReference; lastKnownFileType = sourcecode.swift; path = "Events+Decodable.swift"; sourceTree = "<group>"; };
		E6DDA312216DAB1200D5542F /* DataToDomainMapping.swift */ = {isa = PBXFileReference; lastKnownFileType = sourcecode.swift; path = DataToDomainMapping.swift; sourceTree = "<group>"; };
/* End PBXFileReference section */

/* Begin PBXFrameworksBuildPhase section */
		E6DDA2C6216C603900D5542F /* Frameworks */ = {
			isa = PBXFrameworksBuildPhase;
			buildActionMask = 2147483647;
			files = (
			);
			runOnlyForDeploymentPostprocessing = 0;
		};
		E6DDA2DA216C603B00D5542F /* Frameworks */ = {
			isa = PBXFrameworksBuildPhase;
			buildActionMask = 2147483647;
			files = (
			);
			runOnlyForDeploymentPostprocessing = 0;
		};
/* End PBXFrameworksBuildPhase section */

/* Begin PBXGroup section */
		E6DDA2C0216C603900D5542F = {
			isa = PBXGroup;
			children = (
				E6DDA2CB216C603900D5542F /* Bridj */,
				E6DDA2E0216C603B00D5542F /* BridjTests */,
				E6DDA2CA216C603900D5542F /* Products */,
			);
			sourceTree = "<group>";
		};
		E6DDA2CA216C603900D5542F /* Products */ = {
			isa = PBXGroup;
			children = (
				E6DDA2C9216C603900D5542F /* Bridj.app */,
				E6DDA2DD216C603B00D5542F /* BridjTests.xctest */,
			);
			name = Products;
			sourceTree = "<group>";
		};
		E6DDA2CB216C603900D5542F /* Bridj */ = {
			isa = PBXGroup;
			children = (
				E6DDA2CC216C603900D5542F /* AppDelegate.swift */,
				E6DDA2EE216C650A00D5542F /* Presentation */,
				E6DDA308216DA33C00D5542F /* Domain */,
				E6DDA2F3216C6A8F00D5542F /* Data */,
				E6DDA2D3216C603A00D5542F /* Assets.xcassets */,
				E6DDA2D5216C603B00D5542F /* LaunchScreen.storyboard */,
				E6DDA2D8216C603B00D5542F /* Info.plist */,
			);
			path = Bridj;
			sourceTree = "<group>";
		};
		E6DDA2E0216C603B00D5542F /* BridjTests */ = {
			isa = PBXGroup;
			children = (
				E6DDA2E1216C603B00D5542F /* BridjTests.swift */,
				E6DDA2E3216C603B00D5542F /* Info.plist */,
			);
			path = BridjTests;
			sourceTree = "<group>";
		};
		E6DDA2EE216C650A00D5542F /* Presentation */ = {
			isa = PBXGroup;
			children = (
				E6DDA2EF216C651500D5542F /* Scenes */,
			);
			path = Presentation;
			sourceTree = "<group>";
		};
		E6DDA2EF216C651500D5542F /* Scenes */ = {
			isa = PBXGroup;
			children = (
				E6DDA2F0216C651E00D5542F /* EventList */,
			);
			path = Scenes;
			sourceTree = "<group>";
		};
		E6DDA2F0216C651E00D5542F /* EventList */ = {
			isa = PBXGroup;
			children = (
				E6DDA2EC216C650000D5542F /* EvenListViewController.swift */,
				E6DDA2F1216C653900D5542F /* EvenListViewController.xib */,
			);
			path = EventList;
			sourceTree = "<group>";
		};
		E6DDA2F3216C6A8F00D5542F /* Data */ = {
			isa = PBXGroup;
			children = (
				E6DDA302216D9A3500D5542F /* Scenes */,
				E6DDA2F4216C6AB400D5542F /* Shared */,
			);
			path = Data;
			sourceTree = "<group>";
		};
		E6DDA2F4216C6AB400D5542F /* Shared */ = {
			isa = PBXGroup;
			children = (
				E6DDA2F6216C6AEA00D5542F /* ServiceRequestComponet.swift */,
				E6DDA2F8216C6C3B00D5542F /* ServiceRequestToUrlMapping.swift */,
				E6DDA2FA216C71FD00D5542F /* ServiceRequestHandler.swift */,
			);
			path = Shared;
			sourceTree = "<group>";
		};
		E6DDA302216D9A3500D5542F /* Scenes */ = {
			isa = PBXGroup;
			children = (
				E6DDA303216D9A4800D5542F /* EventList */,
			);
			path = Scenes;
			sourceTree = "<group>";
		};
		E6DDA303216D9A4800D5542F /* EventList */ = {
			isa = PBXGroup;
			children = (
				E6DDA304216D9A7100D5542F /* EvenListRequestComponent.swift */,
				E6DDA305216D9A7100D5542F /* EvenListService.swift */,
			);
			path = EventList;
			sourceTree = "<group>";
		};
		E6DDA308216DA33C00D5542F /* Domain */ = {
			isa = PBXGroup;
			children = (
				E6DDA311216DAB0A00D5542F /* Shared */,
				E6DDA309216DA34800D5542F /* Scenes */,
			);
			path = Domain;
			sourceTree = "<group>";
		};
		E6DDA309216DA34800D5542F /* Scenes */ = {
			isa = PBXGroup;
			children = (
				E6DDA30C216DA3EA00D5542F /* Models */,
				E6DDA30A216DA37C00D5542F /* EvenListUseCase.swift */,
			);
			path = Scenes;
			sourceTree = "<group>";
		};
		E6DDA30C216DA3EA00D5542F /* Models */ = {
			isa = PBXGroup;
			children = (
				E6DDA30D216DA41A00D5542F /* Events.swift */,
				E6DDA30F216DA6F200D5542F /* Events+Decodable.swift */,
			);
			path = Models;
			sourceTree = "<group>";
		};
		E6DDA311216DAB0A00D5542F /* Shared */ = {
			isa = PBXGroup;
			children = (
				E6DDA312216DAB1200D5542F /* DataToDomainMapping.swift */,
			);
			path = Shared;
			sourceTree = "<group>";
		};
/* End PBXGroup section */

/* Begin PBXNativeTarget section */
		E6DDA2C8216C603900D5542F /* Bridj */ = {
			isa = PBXNativeTarget;
			buildConfigurationList = E6DDA2E6216C603B00D5542F /* Build configuration list for PBXNativeTarget "Bridj" */;
			buildPhases = (
				E6DDA2C5216C603900D5542F /* Sources */,
				E6DDA2C6216C603900D5542F /* Frameworks */,
				E6DDA2C7216C603900D5542F /* Resources */,
			);
			buildRules = (
			);
			dependencies = (
			);
			name = Bridj;
			productName = Bridj;
			productReference = E6DDA2C9216C603900D5542F /* Bridj.app */;
			productType = "com.apple.product-type.application";
		};
		E6DDA2DC216C603B00D5542F /* BridjTests */ = {
			isa = PBXNativeTarget;
			buildConfigurationList = E6DDA2E9216C603B00D5542F /* Build configuration list for PBXNativeTarget "BridjTests" */;
			buildPhases = (
				E6DDA2D9216C603B00D5542F /* Sources */,
				E6DDA2DA216C603B00D5542F /* Frameworks */,
				E6DDA2DB216C603B00D5542F /* Resources */,
			);
			buildRules = (
			);
			dependencies = (
				E6DDA2DF216C603B00D5542F /* PBXTargetDependency */,
			);
			name = BridjTests;
			productName = BridjTests;
			productReference = E6DDA2DD216C603B00D5542F /* BridjTests.xctest */;
			productType = "com.apple.product-type.bundle.unit-test";
		};
/* End PBXNativeTarget section */

/* Begin PBXProject section */
		E6DDA2C1216C603900D5542F /* Project object */ = {
			isa = PBXProject;
			attributes = {
				LastSwiftUpdateCheck = 1000;
				LastUpgradeCheck = 1000;
				ORGANIZATIONNAME = "samesh swongamikha";
				TargetAttributes = {
					E6DDA2C8216C603900D5542F = {
						CreatedOnToolsVersion = 10.0;
					};
					E6DDA2DC216C603B00D5542F = {
						CreatedOnToolsVersion = 10.0;
						TestTargetID = E6DDA2C8216C603900D5542F;
					};
				};
			};
			buildConfigurationList = E6DDA2C4216C603900D5542F /* Build configuration list for PBXProject "Bridj" */;
			compatibilityVersion = "Xcode 9.3";
			developmentRegion = en;
			hasScannedForEncodings = 0;
			knownRegions = (
				en,
				Base,
			);
			mainGroup = E6DDA2C0216C603900D5542F;
			productRefGroup = E6DDA2CA216C603900D5542F /* Products */;
			projectDirPath = "";
			projectRoot = "";
			targets = (
				E6DDA2C8216C603900D5542F /* Bridj */,
				E6DDA2DC216C603B00D5542F /* BridjTests */,
			);
		};
/* End PBXProject section */

/* Begin PBXResourcesBuildPhase section */
		E6DDA2C7216C603900D5542F /* Resources */ = {
			isa = PBXResourcesBuildPhase;
			buildActionMask = 2147483647;
			files = (
				E6DDA2F2216C653900D5542F /* EvenListViewController.xib in Resources */,
				E6DDA2D7216C603B00D5542F /* LaunchScreen.storyboard in Resources */,
				E6DDA2D4216C603A00D5542F /* Assets.xcassets in Resources */,
			);
			runOnlyForDeploymentPostprocessing = 0;
		};
		E6DDA2DB216C603B00D5542F /* Resources */ = {
			isa = PBXResourcesBuildPhase;
			buildActionMask = 2147483647;
			files = (
			);
			runOnlyForDeploymentPostprocessing = 0;
		};
/* End PBXResourcesBuildPhase section */

/* Begin PBXSourcesBuildPhase section */
		E6DDA2C5216C603900D5542F /* Sources */ = {
			isa = PBXSourcesBuildPhase;
			buildActionMask = 2147483647;
			files = (
				E6DDA2F7216C6AEA00D5542F /* ServiceRequestComponet.swift in Sources */,
				E6DDA2FB216C71FD00D5542F /* ServiceRequestHandler.swift in Sources */,
				E6DDA307216D9A7100D5542F /* EvenListService.swift in Sources */,
				E6DDA30B216DA37C00D5542F /* EvenListUseCase.swift in Sources */,
				E6DDA2CD216C603900D5542F /* AppDelegate.swift in Sources */,
				E6DDA306216D9A7100D5542F /* EvenListRequestComponent.swift in Sources */,
				E6DDA30E216DA41A00D5542F /* Events.swift in Sources */,
				E6DDA2F9216C6C3B00D5542F /* ServiceRequestToUrlMapping.swift in Sources */,
				E6DDA310216DA6F300D5542F /* Events+Decodable.swift in Sources */,
				E6DDA313216DAB1200D5542F /* DataToDomainMapping.swift in Sources */,
				E6DDA2ED216C650000D5542F /* EvenListViewController.swift in Sources */,
			);
			runOnlyForDeploymentPostprocessing = 0;
		};
		E6DDA2D9216C603B00D5542F /* Sources */ = {
			isa = PBXSourcesBuildPhase;
			buildActionMask = 2147483647;
			files = (
				E6DDA2E2216C603B00D5542F /* BridjTests.swift in Sources */,
			);
			runOnlyForDeploymentPostprocessing = 0;
		};
/* End PBXSourcesBuildPhase section */

/* Begin PBXTargetDependency section */
		E6DDA2DF216C603B00D5542F /* PBXTargetDependency */ = {
			isa = PBXTargetDependency;
			target = E6DDA2C8216C603900D5542F /* Bridj */;
			targetProxy = E6DDA2DE216C603B00D5542F /* PBXContainerItemProxy */;
		};
/* End PBXTargetDependency section */

/* Begin PBXVariantGroup section */
		E6DDA2D5216C603B00D5542F /* LaunchScreen.storyboard */ = {
			isa = PBXVariantGroup;
			children = (
				E6DDA2D6216C603B00D5542F /* Base */,
			);
			name = LaunchScreen.storyboard;
			sourceTree = "<group>";
		};
/* End PBXVariantGroup section */

/* Begin XCBuildConfiguration section */
		E6DDA2E4216C603B00D5542F /* Debug */ = {
			isa = XCBuildConfiguration;
			buildSettings = {
				ALWAYS_SEARCH_USER_PATHS = NO;
				CLANG_ANALYZER_NONNULL = YES;
				CLANG_ANALYZER_NUMBER_OBJECT_CONVERSION = YES_AGGRESSIVE;
				CLANG_CXX_LANGUAGE_STANDARD = "gnu++14";
				CLANG_CXX_LIBRARY = "libc++";
				CLANG_ENABLE_MODULES = YES;
				CLANG_ENABLE_OBJC_ARC = YES;
				CLANG_ENABLE_OBJC_WEAK = YES;
				CLANG_WARN_BLOCK_CAPTURE_AUTORELEASING = YES;
				CLANG_WARN_BOOL_CONVERSION = YES;
				CLANG_WARN_COMMA = YES;
				CLANG_WARN_CONSTANT_CONVERSION = YES;
				CLANG_WARN_DEPRECATED_OBJC_IMPLEMENTATIONS = YES;
				CLANG_WARN_DIRECT_OBJC_ISA_USAGE = YES_ERROR;
				CLANG_WARN_DOCUMENTATION_COMMENTS = YES;
				CLANG_WARN_EMPTY_BODY = YES;
				CLANG_WARN_ENUM_CONVERSION = YES;
				CLANG_WARN_INFINITE_RECURSION = YES;
				CLANG_WARN_INT_CONVERSION = YES;
				CLANG_WARN_NON_LITERAL_NULL_CONVERSION = YES;
				CLANG_WARN_OBJC_IMPLICIT_RETAIN_SELF = YES;
				CLANG_WARN_OBJC_LITERAL_CONVERSION = YES;
				CLANG_WARN_OBJC_ROOT_CLASS = YES_ERROR;
				CLANG_WARN_RANGE_LOOP_ANALYSIS = YES;
				CLANG_WARN_STRICT_PROTOTYPES = YES;
				CLANG_WARN_SUSPICIOUS_MOVE = YES;
				CLANG_WARN_UNGUARDED_AVAILABILITY = YES_AGGRESSIVE;
				CLANG_WARN_UNREACHABLE_CODE = YES;
				CLANG_WARN__DUPLICATE_METHOD_MATCH = YES;
				CODE_SIGN_IDENTITY = "iPhone Developer";
				COPY_PHASE_STRIP = NO;
				DEBUG_INFORMATION_FORMAT = dwarf;
				ENABLE_STRICT_OBJC_MSGSEND = YES;
				ENABLE_TESTABILITY = YES;
				GCC_C_LANGUAGE_STANDARD = gnu11;
				GCC_DYNAMIC_NO_PIC = NO;
				GCC_NO_COMMON_BLOCKS = YES;
				GCC_OPTIMIZATION_LEVEL = 0;
				GCC_PREPROCESSOR_DEFINITIONS = (
					"DEBUG=1",
					"$(inherited)",
				);
				GCC_WARN_64_TO_32_BIT_CONVERSION = YES;
				GCC_WARN_ABOUT_RETURN_TYPE = YES_ERROR;
				GCC_WARN_UNDECLARED_SELECTOR = YES;
				GCC_WARN_UNINITIALIZED_AUTOS = YES_AGGRESSIVE;
				GCC_WARN_UNUSED_FUNCTION = YES;
				GCC_WARN_UNUSED_VARIABLE = YES;
				IPHONEOS_DEPLOYMENT_TARGET = 12.0;
				MTL_ENABLE_DEBUG_INFO = INCLUDE_SOURCE;
				MTL_FAST_MATH = YES;
				ONLY_ACTIVE_ARCH = YES;
				SDKROOT = iphoneos;
				SWIFT_ACTIVE_COMPILATION_CONDITIONS = DEBUG;
				SWIFT_OPTIMIZATION_LEVEL = "-Onone";
			};
			name = Debug;
		};
		E6DDA2E5216C603B00D5542F /* Release */ = {
			isa = XCBuildConfiguration;
			buildSettings = {
				ALWAYS_SEARCH_USER_PATHS = NO;
				CLANG_ANALYZER_NONNULL = YES;
				CLANG_ANALYZER_NUMBER_OBJECT_CONVERSION = YES_AGGRESSIVE;
				CLANG_CXX_LANGUAGE_STANDARD = "gnu++14";
				CLANG_CXX_LIBRARY = "libc++";
				CLANG_ENABLE_MODULES = YES;
				CLANG_ENABLE_OBJC_ARC = YES;
				CLANG_ENABLE_OBJC_WEAK = YES;
				CLANG_WARN_BLOCK_CAPTURE_AUTORELEASING = YES;
				CLANG_WARN_BOOL_CONVERSION = YES;
				CLANG_WARN_COMMA = YES;
				CLANG_WARN_CONSTANT_CONVERSION = YES;
				CLANG_WARN_DEPRECATED_OBJC_IMPLEMENTATIONS = YES;
				CLANG_WARN_DIRECT_OBJC_ISA_USAGE = YES_ERROR;
				CLANG_WARN_DOCUMENTATION_COMMENTS = YES;
				CLANG_WARN_EMPTY_BODY = YES;
				CLANG_WARN_ENUM_CONVERSION = YES;
				CLANG_WARN_INFINITE_RECURSION = YES;
				CLANG_WARN_INT_CONVERSION = YES;
				CLANG_WARN_NON_LITERAL_NULL_CONVERSION = YES;
				CLANG_WARN_OBJC_IMPLICIT_RETAIN_SELF = YES;
				CLANG_WARN_OBJC_LITERAL_CONVERSION = YES;
				CLANG_WARN_OBJC_ROOT_CLASS = YES_ERROR;
				CLANG_WARN_RANGE_LOOP_ANALYSIS = YES;
				CLANG_WARN_STRICT_PROTOTYPES = YES;
				CLANG_WARN_SUSPICIOUS_MOVE = YES;
				CLANG_WARN_UNGUARDED_AVAILABILITY = YES_AGGRESSIVE;
				CLANG_WARN_UNREACHABLE_CODE = YES;
				CLANG_WARN__DUPLICATE_METHOD_MATCH = YES;
				CODE_SIGN_IDENTITY = "iPhone Developer";
				COPY_PHASE_STRIP = NO;
				DEBUG_INFORMATION_FORMAT = "dwarf-with-dsym";
				ENABLE_NS_ASSERTIONS = NO;
				ENABLE_STRICT_OBJC_MSGSEND = YES;
				GCC_C_LANGUAGE_STANDARD = gnu11;
				GCC_NO_COMMON_BLOCKS = YES;
				GCC_WARN_64_TO_32_BIT_CONVERSION = YES;
				GCC_WARN_ABOUT_RETURN_TYPE = YES_ERROR;
				GCC_WARN_UNDECLARED_SELECTOR = YES;
				GCC_WARN_UNINITIALIZED_AUTOS = YES_AGGRESSIVE;
				GCC_WARN_UNUSED_FUNCTION = YES;
				GCC_WARN_UNUSED_VARIABLE = YES;
				IPHONEOS_DEPLOYMENT_TARGET = 12.0;
				MTL_ENABLE_DEBUG_INFO = NO;
				MTL_FAST_MATH = YES;
				SDKROOT = iphoneos;
				SWIFT_COMPILATION_MODE = wholemodule;
				SWIFT_OPTIMIZATION_LEVEL = "-O";
				VALIDATE_PRODUCT = YES;
			};
			name = Release;
		};
		E6DDA2E7216C603B00D5542F /* Debug */ = {
			isa = XCBuildConfiguration;
			buildSettings = {
				ASSETCATALOG_COMPILER_APPICON_NAME = AppIcon;
				CODE_SIGN_STYLE = Automatic;
				INFOPLIST_FILE = Bridj/Info.plist;
				LD_RUNPATH_SEARCH_PATHS = (
					"$(inherited)",
					"@executable_path/Frameworks",
				);
				PRODUCT_BUNDLE_IDENTIFIER = com.samesh.Bridj;
				PRODUCT_NAME = "$(TARGET_NAME)";
				SWIFT_VERSION = 4.2;
				TARGETED_DEVICE_FAMILY = "1,2";
			};
			name = Debug;
		};
		E6DDA2E8216C603B00D5542F /* Release */ = {
			isa = XCBuildConfiguration;
			buildSettings = {
				ASSETCATALOG_COMPILER_APPICON_NAME = AppIcon;
				CODE_SIGN_STYLE = Automatic;
				INFOPLIST_FILE = Bridj/Info.plist;
				LD_RUNPATH_SEARCH_PATHS = (
					"$(inherited)",
					"@executable_path/Frameworks",
				);
				PRODUCT_BUNDLE_IDENTIFIER = com.samesh.Bridj;
				PRODUCT_NAME = "$(TARGET_NAME)";
				SWIFT_VERSION = 4.2;
				TARGETED_DEVICE_FAMILY = "1,2";
			};
			name = Release;
		};
		E6DDA2EA216C603B00D5542F /* Debug */ = {
			isa = XCBuildConfiguration;
			buildSettings = {
				ALWAYS_EMBED_SWIFT_STANDARD_LIBRARIES = YES;
				BUNDLE_LOADER = "$(TEST_HOST)";
				CODE_SIGN_STYLE = Automatic;
				INFOPLIST_FILE = BridjTests/Info.plist;
				LD_RUNPATH_SEARCH_PATHS = (
					"$(inherited)",
					"@executable_path/Frameworks",
					"@loader_path/Frameworks",
				);
				PRODUCT_BUNDLE_IDENTIFIER = com.samesh.BridjTests;
				PRODUCT_NAME = "$(TARGET_NAME)";
				SWIFT_VERSION = 4.2;
				TARGETED_DEVICE_FAMILY = "1,2";
				TEST_HOST = "$(BUILT_PRODUCTS_DIR)/Bridj.app/Bridj";
			};
			name = Debug;
		};
		E6DDA2EB216C603B00D5542F /* Release */ = {
			isa = XCBuildConfiguration;
			buildSettings = {
				ALWAYS_EMBED_SWIFT_STANDARD_LIBRARIES = YES;
				BUNDLE_LOADER = "$(TEST_HOST)";
				CODE_SIGN_STYLE = Automatic;
				INFOPLIST_FILE = BridjTests/Info.plist;
				LD_RUNPATH_SEARCH_PATHS = (
					"$(inherited)",
					"@executable_path/Frameworks",
					"@loader_path/Frameworks",
				);
				PRODUCT_BUNDLE_IDENTIFIER = com.samesh.BridjTests;
				PRODUCT_NAME = "$(TARGET_NAME)";
				SWIFT_VERSION = 4.2;
				TARGETED_DEVICE_FAMILY = "1,2";
				TEST_HOST = "$(BUILT_PRODUCTS_DIR)/Bridj.app/Bridj";
			};
			name = Release;
		};
/* End XCBuildConfiguration section */

/* Begin XCConfigurationList section */
		E6DDA2C4216C603900D5542F /* Build configuration list for PBXProject "Bridj" */ = {
			isa = XCConfigurationList;
			buildConfigurations = (
				E6DDA2E4216C603B00D5542F /* Debug */,
				E6DDA2E5216C603B00D5542F /* Release */,
			);
			defaultConfigurationIsVisible = 0;
			defaultConfigurationName = Release;
		};
		E6DDA2E6216C603B00D5542F /* Build configuration list for PBXNativeTarget "Bridj" */ = {
			isa = XCConfigurationList;
			buildConfigurations = (
				E6DDA2E7216C603B00D5542F /* Debug */,
				E6DDA2E8216C603B00D5542F /* Release */,
			);
			defaultConfigurationIsVisible = 0;
			defaultConfigurationName = Release;
		};
		E6DDA2E9216C603B00D5542F /* Build configuration list for PBXNativeTarget "BridjTests" */ = {
			isa = XCConfigurationList;
			buildConfigurations = (
				E6DDA2EA216C603B00D5542F /* Debug */,
				E6DDA2EB216C603B00D5542F /* Release */,
			);
			defaultConfigurationIsVisible = 0;
			defaultConfigurationName = Release;
		};
/* End XCConfigurationList section */
	};
	rootObject = E6DDA2C1216C603900D5542F /* Project object */;
}
